// !$*UTF8*$!
{
	archiveVersion = 1;
	classes = {
	};
	objectVersion = 50;
	objects = {

/* Begin PBXBuildFile section */
		30023BC723D3AC5B00A2B06A /* EmptyNilDefault.swift in Sources */ = {isa = PBXBuildFile; fileRef = 30023BC623D3AC5B00A2B06A /* EmptyNilDefault.swift */; };
		30306C332260A3A500D24CDB /* ScaledFontSize.swift in Sources */ = {isa = PBXBuildFile; fileRef = 30306C322260A3A500D24CDB /* ScaledFontSize.swift */; };
		30306C3B2260A90D00D24CDB /* NavigationControllerCompletion.swift in Sources */ = {isa = PBXBuildFile; fileRef = 30306C3A2260A90D00D24CDB /* NavigationControllerCompletion.swift */; };
		305004BC247D37EB00B1BB72 /* Clamping.swift in Sources */ = {isa = PBXBuildFile; fileRef = 305004BB247D37EB00B1BB72 /* Clamping.swift */; };
		30BAD0DD24636DAF00EED764 /* AtomicWrite.swift in Sources */ = {isa = PBXBuildFile; fileRef = 30BAD0DC24636DAF00EED764 /* AtomicWrite.swift */; };
		30C9B71C23CA3C440068A5DE /* Data+prettyPrintedJSONString.swift in Sources */ = {isa = PBXBuildFile; fileRef = 30C9B71B23CA3C440068A5DE /* Data+prettyPrintedJSONString.swift */; };
		8B0B9CBF21B3308800CF59F7 /* AppDelegate.swift in Sources */ = {isa = PBXBuildFile; fileRef = 8B0B9CBE21B3308800CF59F7 /* AppDelegate.swift */; };
		8B0B9CC121B3308800CF59F7 /* ViewController.swift in Sources */ = {isa = PBXBuildFile; fileRef = 8B0B9CC021B3308800CF59F7 /* ViewController.swift */; };
		8B0B9CC421B3308800CF59F7 /* Main.storyboard in Resources */ = {isa = PBXBuildFile; fileRef = 8B0B9CC221B3308800CF59F7 /* Main.storyboard */; };
		8B0B9CC621B3308B00CF59F7 /* Assets.xcassets in Resources */ = {isa = PBXBuildFile; fileRef = 8B0B9CC521B3308B00CF59F7 /* Assets.xcassets */; };
		8B0B9CC921B3308B00CF59F7 /* LaunchScreen.storyboard in Resources */ = {isa = PBXBuildFile; fileRef = 8B0B9CC721B3308B00CF59F7 /* LaunchScreen.storyboard */; };
		8B0B9CD421B3308C00CF59F7 /* swift_vaultTests.swift in Sources */ = {isa = PBXBuildFile; fileRef = 8B0B9CD321B3308C00CF59F7 /* swift_vaultTests.swift */; };
		8B0B9CE121B331F800CF59F7 /* ArraysCommonElements.swift in Sources */ = {isa = PBXBuildFile; fileRef = 8B0B9CE021B331F800CF59F7 /* ArraysCommonElements.swift */; };
		8B0B9CE321B3360C00CF59F7 /* Notification.swift in Sources */ = {isa = PBXBuildFile; fileRef = 8B0B9CE221B3360C00CF59F7 /* Notification.swift */; };
		8B0B9CE521B3376C00CF59F7 /* isBlankString.swift in Sources */ = {isa = PBXBuildFile; fileRef = 8B0B9CE421B3376C00CF59F7 /* isBlankString.swift */; };
		8B0B9CE721B3385500CF59F7 /* MatchingOptional.swift in Sources */ = {isa = PBXBuildFile; fileRef = 8B0B9CE621B3385500CF59F7 /* MatchingOptional.swift */; };
		8B0B9CE921B3388F00CF59F7 /* CurrentThreadName.swift in Sources */ = {isa = PBXBuildFile; fileRef = 8B0B9CE821B3388F00CF59F7 /* CurrentThreadName.swift */; };
		8B0B9CF121B33D0600CF59F7 /* CurrentViewController.swift in Sources */ = {isa = PBXBuildFile; fileRef = 8B0B9CF021B33D0600CF59F7 /* CurrentViewController.swift */; };
		8B0B9CF321B33E4800CF59F7 /* GroupedReduceSequence.swift in Sources */ = {isa = PBXBuildFile; fileRef = 8B0B9CF221B33E4800CF59F7 /* GroupedReduceSequence.swift */; };
		8B0B9CF521B33EA800CF59F7 /* CollectionSafeIndex.swift in Sources */ = {isa = PBXBuildFile; fileRef = 8B0B9CF421B33EA800CF59F7 /* CollectionSafeIndex.swift */; };
		8B0B9CF721B33F9900CF59F7 /* ChangeImageColor.swift in Sources */ = {isa = PBXBuildFile; fileRef = 8B0B9CF621B33F9900CF59F7 /* ChangeImageColor.swift */; };
		8B0B9CF921B33FE500CF59F7 /* RotateImage.swift in Sources */ = {isa = PBXBuildFile; fileRef = 8B0B9CF821B33FE500CF59F7 /* RotateImage.swift */; };
		8B0B9CFB21B340A500CF59F7 /* Color.swift in Sources */ = {isa = PBXBuildFile; fileRef = 8B0B9CFA21B340A500CF59F7 /* Color.swift */; };
		8B0B9CFD21B3438400CF59F7 /* StringRange.swift in Sources */ = {isa = PBXBuildFile; fileRef = 8B0B9CFC21B3438400CF59F7 /* StringRange.swift */; };
		8B0B9CFF21B343D400CF59F7 /* StringLocalization.swift in Sources */ = {isa = PBXBuildFile; fileRef = 8B0B9CFE21B343D400CF59F7 /* StringLocalization.swift */; };
		8B0B9D0121B3DA3900CF59F7 /* StringHelpers.swift in Sources */ = {isa = PBXBuildFile; fileRef = 8B0B9D0021B3DA3900CF59F7 /* StringHelpers.swift */; };
		8B0B9D0321B3DB2100CF59F7 /* DateHelpers.swift in Sources */ = {isa = PBXBuildFile; fileRef = 8B0B9D0221B3DB2100CF59F7 /* DateHelpers.swift */; };
		8B0B9D0521B3E29900CF59F7 /* ViewControllerHelpers.swift in Sources */ = {isa = PBXBuildFile; fileRef = 8B0B9D0421B3E29900CF59F7 /* ViewControllerHelpers.swift */; };
		8B0B9D0721B3E64500CF59F7 /* ViewGradient.swift in Sources */ = {isa = PBXBuildFile; fileRef = 8B0B9D0621B3E64500CF59F7 /* ViewGradient.swift */; };
		8B0B9D0921B3E6ED00CF59F7 /* ViewAnimation.swift in Sources */ = {isa = PBXBuildFile; fileRef = 8B0B9D0821B3E6ED00CF59F7 /* ViewAnimation.swift */; };
		8B0B9D0B21B3E73A00CF59F7 /* ViewHelpers.swift in Sources */ = {isa = PBXBuildFile; fileRef = 8B0B9D0A21B3E73A00CF59F7 /* ViewHelpers.swift */; };
		8B0B9D0D21B3EBE100CF59F7 /* ApplicationInfo.swift in Sources */ = {isa = PBXBuildFile; fileRef = 8B0B9D0C21B3EBE100CF59F7 /* ApplicationInfo.swift */; };
		8B0B9D0F21B3F32B00CF59F7 /* AlertRepresentable.swift in Sources */ = {isa = PBXBuildFile; fileRef = 8B0B9D0E21B3F32B00CF59F7 /* AlertRepresentable.swift */; };
		8B0B9D1321B3F3A000CF59F7 /* DebugRepresentable.swift in Sources */ = {isa = PBXBuildFile; fileRef = 8B0B9D1221B3F3A000CF59F7 /* DebugRepresentable.swift */; };
		8B0B9D1521B3F59300CF59F7 /* Identifiable.swift in Sources */ = {isa = PBXBuildFile; fileRef = 8B0B9D1421B3F59300CF59F7 /* Identifiable.swift */; };
		8B0B9D1721B3F66900CF59F7 /* KeyboardLayoutGuide.swift in Sources */ = {isa = PBXBuildFile; fileRef = 8B0B9D1621B3F66900CF59F7 /* KeyboardLayoutGuide.swift */; };
		8B0B9D1921B3F6C100CF59F7 /* MapInPlace.swift in Sources */ = {isa = PBXBuildFile; fileRef = 8B0B9D1821B3F6C100CF59F7 /* MapInPlace.swift */; };
		8B0B9D1D21B3FB9400CF59F7 /* TrackableTextField.swift in Sources */ = {isa = PBXBuildFile; fileRef = 8B0B9D1C21B3FB9400CF59F7 /* TrackableTextField.swift */; };
		8B0B9D1F21B426AF00CF59F7 /* PassthroughView.swift in Sources */ = {isa = PBXBuildFile; fileRef = 8B0B9D1E21B426AF00CF59F7 /* PassthroughView.swift */; };
		8B0B9D2121B426F000CF59F7 /* SelfSizingTableView.swift in Sources */ = {isa = PBXBuildFile; fileRef = 8B0B9D2021B426F000CF59F7 /* SelfSizingTableView.swift */; };
		8B0B9D2321B4272500CF59F7 /* SpecificationGenericFilter.swift in Sources */ = {isa = PBXBuildFile; fileRef = 8B0B9D2221B4272500CF59F7 /* SpecificationGenericFilter.swift */; };
		8B0B9D2521B4280D00CF59F7 /* UserSettings.swift in Sources */ = {isa = PBXBuildFile; fileRef = 8B0B9D2421B4280D00CF59F7 /* UserSettings.swift */; };
		8B0B9D2721B432D800CF59F7 /* PowerLayout.swift in Sources */ = {isa = PBXBuildFile; fileRef = 8B0B9D2621B432D800CF59F7 /* PowerLayout.swift */; };
		8B0B9D2921B4397C00CF59F7 /* NextTextFieldHandler.swift in Sources */ = {isa = PBXBuildFile; fileRef = 8B0B9D2821B4397C00CF59F7 /* NextTextFieldHandler.swift */; };
		8B0B9D2D21B43E9A00CF59F7 /* KeyboardHandler.swift in Sources */ = {isa = PBXBuildFile; fileRef = 8B0B9D2C21B43E9A00CF59F7 /* KeyboardHandler.swift */; };
		8B0B9D2F21B43FE600CF59F7 /* RepeatingTimer.swift in Sources */ = {isa = PBXBuildFile; fileRef = 8B0B9D2E21B43FE600CF59F7 /* RepeatingTimer.swift */; };
		8B11DA3921B4528B00C0CFE2 /* DoubleEqual.swift in Sources */ = {isa = PBXBuildFile; fileRef = 8B11DA3821B4528B00C0CFE2 /* DoubleEqual.swift */; };
		8B58D7A322CD707C00E5862E /* ReusableCell.swift in Sources */ = {isa = PBXBuildFile; fileRef = 8B58D7A222CD707C00E5862E /* ReusableCell.swift */; };
		8B58D7A522CD722D00E5862E /* GenericTableViewCell.swift in Sources */ = {isa = PBXBuildFile; fileRef = 8B58D7A422CD722D00E5862E /* GenericTableViewCell.swift */; };
		8B60F89D222AE112002EA6E5 /* Task.swift in Sources */ = {isa = PBXBuildFile; fileRef = 8B60F89C222AE112002EA6E5 /* Task.swift */; };
		8B70B3F322DC3FBF009B7577 /* DependencyContainer.swift in Sources */ = {isa = PBXBuildFile; fileRef = 8B70B3F222DC3FBF009B7577 /* DependencyContainer.swift */; };
		8B7A844F228859C400B52BFF /* Result.swift in Sources */ = {isa = PBXBuildFile; fileRef = 8B7A844E228859C400B52BFF /* Result.swift */; };
		8B7A8453228888B000B52BFF /* SmoothCornerView.swift in Sources */ = {isa = PBXBuildFile; fileRef = 8B7A8452228888B000B52BFF /* SmoothCornerView.swift */; };
		8B7FC42B21BBA37B00914C98 /* InstantiateFromNIB.swift in Sources */ = {isa = PBXBuildFile; fileRef = 8B7FC42A21BBA37B00914C98 /* InstantiateFromNIB.swift */; };
		8B7FC42D21BC741F00914C98 /* SharedDateFormatter.swift in Sources */ = {isa = PBXBuildFile; fileRef = 8B7FC42C21BC741F00914C98 /* SharedDateFormatter.swift */; };
		8B8032212263517000E2F6E2 /* ObjectConfigurable.swift in Sources */ = {isa = PBXBuildFile; fileRef = 8B8032202263517000E2F6E2 /* ObjectConfigurable.swift */; };
		8B93001722CDCFC7001DFA3D /* BackgroundThread.swift in Sources */ = {isa = PBXBuildFile; fileRef = 8B93001622CDCFC7001DFA3D /* BackgroundThread.swift */; };
		8B93001B22CDD080001DFA3D /* XMLStringFormatter.swift in Sources */ = {isa = PBXBuildFile; fileRef = 8B93001A22CDD080001DFA3D /* XMLStringFormatter.swift */; };
		8B93001F22CDDED7001DFA3D /* FormattedPriceString.swift in Sources */ = {isa = PBXBuildFile; fileRef = 8B93001E22CDDED7001DFA3D /* FormattedPriceString.swift */; };
		8B93002122CDDF5D001DFA3D /* SizePlaceholder.swift in Sources */ = {isa = PBXBuildFile; fileRef = 8B93002022CDDF5D001DFA3D /* SizePlaceholder.swift */; };
		8BA4EAB021CC100400412676 /* Atomic.swift in Sources */ = {isa = PBXBuildFile; fileRef = 8BA4EAAF21CC100400412676 /* Atomic.swift */; };
		8BAC79EB21E2BF4500669C36 /* Obfuscator.swift in Sources */ = {isa = PBXBuildFile; fileRef = 8BAC79EA21E2BF4500669C36 /* Obfuscator.swift */; };
		8BAC79ED21E2BFEF00669C36 /* ErrorHandling.swift in Sources */ = {isa = PBXBuildFile; fileRef = 8BAC79EC21E2BFEF00669C36 /* ErrorHandling.swift */; };
		8BAE7A6521B54F1500723CDC /* ScaleTransition.swift in Sources */ = {isa = PBXBuildFile; fileRef = 8BAE7A6421B54F1500723CDC /* ScaleTransition.swift */; };
		8BAE7A6721B5A55500723CDC /* CircularTransition.swift in Sources */ = {isa = PBXBuildFile; fileRef = 8BAE7A6621B5A55500723CDC /* CircularTransition.swift */; };
		8BB8B78E223EA3F900300CD9 /* DynamicHeightCollectionView.swift in Sources */ = {isa = PBXBuildFile; fileRef = 8BB8B78D223EA3F900300CD9 /* DynamicHeightCollectionView.swift */; };
		8BB8E423227F44C9006E1C7A /* StringLocalizationTest.swift in Sources */ = {isa = PBXBuildFile; fileRef = 8BB8E422227F44C8006E1C7A /* StringLocalizationTest.swift */; };
		8BD8F0EC226C74B200F88787 /* URLSessionResult.swift in Sources */ = {isa = PBXBuildFile; fileRef = 8BD8F0EB226C74B200F88787 /* URLSessionResult.swift */; };
		8BD8F0EE226C7F2000F88787 /* ImageWithColor.swift in Sources */ = {isa = PBXBuildFile; fileRef = 8BD8F0ED226C7F2000F88787 /* ImageWithColor.swift */; };
		8BDAEFEA22D3E08C00847B72 /* TableViewReloadCompletion.swift in Sources */ = {isa = PBXBuildFile; fileRef = 8BDAEFE922D3E08C00847B72 /* TableViewReloadCompletion.swift */; };
		8BF5636D2376A6DD00840933 /* AnimatedLabel.swift in Sources */ = {isa = PBXBuildFile; fileRef = 8BF5636C2376A6DD00840933 /* AnimatedLabel.swift */; };
/* End PBXBuildFile section */

/* Begin PBXContainerItemProxy section */
		8B0B9CD021B3308C00CF59F7 /* PBXContainerItemProxy */ = {
			isa = PBXContainerItemProxy;
			containerPortal = 8B0B9CB321B3308800CF59F7 /* Project object */;
			proxyType = 1;
			remoteGlobalIDString = 8B0B9CBA21B3308800CF59F7;
			remoteInfo = "swift-vault";
		};
/* End PBXContainerItemProxy section */

/* Begin PBXFileReference section */
		30023BC623D3AC5B00A2B06A /* EmptyNilDefault.swift */ = {isa = PBXFileReference; lastKnownFileType = sourcecode.swift; path = EmptyNilDefault.swift; sourceTree = "<group>"; };
		30306C322260A3A500D24CDB /* ScaledFontSize.swift */ = {isa = PBXFileReference; lastKnownFileType = sourcecode.swift; path = ScaledFontSize.swift; sourceTree = "<group>"; };
		30306C3A2260A90D00D24CDB /* NavigationControllerCompletion.swift */ = {isa = PBXFileReference; lastKnownFileType = sourcecode.swift; path = NavigationControllerCompletion.swift; sourceTree = "<group>"; };
		305004BB247D37EB00B1BB72 /* Clamping.swift */ = {isa = PBXFileReference; lastKnownFileType = sourcecode.swift; path = Clamping.swift; sourceTree = "<group>"; };
		30BAD0DC24636DAF00EED764 /* AtomicWrite.swift */ = {isa = PBXFileReference; lastKnownFileType = sourcecode.swift; path = AtomicWrite.swift; sourceTree = "<group>"; };
		30C9B71B23CA3C440068A5DE /* Data+prettyPrintedJSONString.swift */ = {isa = PBXFileReference; lastKnownFileType = sourcecode.swift; path = "Data+prettyPrintedJSONString.swift"; sourceTree = "<group>"; };
		8B0B9CBB21B3308800CF59F7 /* swift-vault.app */ = {isa = PBXFileReference; explicitFileType = wrapper.application; includeInIndex = 0; path = "swift-vault.app"; sourceTree = BUILT_PRODUCTS_DIR; };
		8B0B9CBE21B3308800CF59F7 /* AppDelegate.swift */ = {isa = PBXFileReference; lastKnownFileType = sourcecode.swift; path = AppDelegate.swift; sourceTree = "<group>"; };
		8B0B9CC021B3308800CF59F7 /* ViewController.swift */ = {isa = PBXFileReference; lastKnownFileType = sourcecode.swift; path = ViewController.swift; sourceTree = "<group>"; };
		8B0B9CC321B3308800CF59F7 /* Base */ = {isa = PBXFileReference; lastKnownFileType = file.storyboard; name = Base; path = Base.lproj/Main.storyboard; sourceTree = "<group>"; };
		8B0B9CC521B3308B00CF59F7 /* Assets.xcassets */ = {isa = PBXFileReference; lastKnownFileType = folder.assetcatalog; path = Assets.xcassets; sourceTree = "<group>"; };
		8B0B9CC821B3308B00CF59F7 /* Base */ = {isa = PBXFileReference; lastKnownFileType = file.storyboard; name = Base; path = Base.lproj/LaunchScreen.storyboard; sourceTree = "<group>"; };
		8B0B9CCA21B3308B00CF59F7 /* Info.plist */ = {isa = PBXFileReference; lastKnownFileType = text.plist.xml; path = Info.plist; sourceTree = "<group>"; };
		8B0B9CCF21B3308C00CF59F7 /* swift-vaultTests.xctest */ = {isa = PBXFileReference; explicitFileType = wrapper.cfbundle; includeInIndex = 0; path = "swift-vaultTests.xctest"; sourceTree = BUILT_PRODUCTS_DIR; };
		8B0B9CD321B3308C00CF59F7 /* swift_vaultTests.swift */ = {isa = PBXFileReference; lastKnownFileType = sourcecode.swift; path = swift_vaultTests.swift; sourceTree = "<group>"; };
		8B0B9CD521B3308C00CF59F7 /* Info.plist */ = {isa = PBXFileReference; lastKnownFileType = text.plist.xml; path = Info.plist; sourceTree = "<group>"; };
		8B0B9CE021B331F800CF59F7 /* ArraysCommonElements.swift */ = {isa = PBXFileReference; lastKnownFileType = sourcecode.swift; path = ArraysCommonElements.swift; sourceTree = "<group>"; };
		8B0B9CE221B3360C00CF59F7 /* Notification.swift */ = {isa = PBXFileReference; lastKnownFileType = sourcecode.swift; path = Notification.swift; sourceTree = "<group>"; };
		8B0B9CE421B3376C00CF59F7 /* isBlankString.swift */ = {isa = PBXFileReference; lastKnownFileType = sourcecode.swift; path = isBlankString.swift; sourceTree = "<group>"; };
		8B0B9CE621B3385500CF59F7 /* MatchingOptional.swift */ = {isa = PBXFileReference; lastKnownFileType = sourcecode.swift; path = MatchingOptional.swift; sourceTree = "<group>"; };
		8B0B9CE821B3388F00CF59F7 /* CurrentThreadName.swift */ = {isa = PBXFileReference; lastKnownFileType = sourcecode.swift; path = CurrentThreadName.swift; sourceTree = "<group>"; };
		8B0B9CF021B33D0600CF59F7 /* CurrentViewController.swift */ = {isa = PBXFileReference; lastKnownFileType = sourcecode.swift; path = CurrentViewController.swift; sourceTree = "<group>"; };
		8B0B9CF221B33E4800CF59F7 /* GroupedReduceSequence.swift */ = {isa = PBXFileReference; lastKnownFileType = sourcecode.swift; path = GroupedReduceSequence.swift; sourceTree = "<group>"; };
		8B0B9CF421B33EA800CF59F7 /* CollectionSafeIndex.swift */ = {isa = PBXFileReference; lastKnownFileType = sourcecode.swift; path = CollectionSafeIndex.swift; sourceTree = "<group>"; };
		8B0B9CF621B33F9900CF59F7 /* ChangeImageColor.swift */ = {isa = PBXFileReference; lastKnownFileType = sourcecode.swift; path = ChangeImageColor.swift; sourceTree = "<group>"; };
		8B0B9CF821B33FE500CF59F7 /* RotateImage.swift */ = {isa = PBXFileReference; lastKnownFileType = sourcecode.swift; path = RotateImage.swift; sourceTree = "<group>"; };
		8B0B9CFA21B340A500CF59F7 /* Color.swift */ = {isa = PBXFileReference; lastKnownFileType = sourcecode.swift; path = Color.swift; sourceTree = "<group>"; };
		8B0B9CFC21B3438400CF59F7 /* StringRange.swift */ = {isa = PBXFileReference; lastKnownFileType = sourcecode.swift; path = StringRange.swift; sourceTree = "<group>"; };
		8B0B9CFE21B343D400CF59F7 /* StringLocalization.swift */ = {isa = PBXFileReference; lastKnownFileType = sourcecode.swift; path = StringLocalization.swift; sourceTree = "<group>"; };
		8B0B9D0021B3DA3900CF59F7 /* StringHelpers.swift */ = {isa = PBXFileReference; lastKnownFileType = sourcecode.swift; path = StringHelpers.swift; sourceTree = "<group>"; };
		8B0B9D0221B3DB2100CF59F7 /* DateHelpers.swift */ = {isa = PBXFileReference; lastKnownFileType = sourcecode.swift; path = DateHelpers.swift; sourceTree = "<group>"; };
		8B0B9D0421B3E29900CF59F7 /* ViewControllerHelpers.swift */ = {isa = PBXFileReference; lastKnownFileType = sourcecode.swift; path = ViewControllerHelpers.swift; sourceTree = "<group>"; };
		8B0B9D0621B3E64500CF59F7 /* ViewGradient.swift */ = {isa = PBXFileReference; lastKnownFileType = sourcecode.swift; path = ViewGradient.swift; sourceTree = "<group>"; };
		8B0B9D0821B3E6ED00CF59F7 /* ViewAnimation.swift */ = {isa = PBXFileReference; lastKnownFileType = sourcecode.swift; path = ViewAnimation.swift; sourceTree = "<group>"; };
		8B0B9D0A21B3E73A00CF59F7 /* ViewHelpers.swift */ = {isa = PBXFileReference; lastKnownFileType = sourcecode.swift; path = ViewHelpers.swift; sourceTree = "<group>"; };
		8B0B9D0C21B3EBE100CF59F7 /* ApplicationInfo.swift */ = {isa = PBXFileReference; lastKnownFileType = sourcecode.swift; path = ApplicationInfo.swift; sourceTree = "<group>"; };
		8B0B9D0E21B3F32B00CF59F7 /* AlertRepresentable.swift */ = {isa = PBXFileReference; lastKnownFileType = sourcecode.swift; path = AlertRepresentable.swift; sourceTree = "<group>"; };
		8B0B9D1221B3F3A000CF59F7 /* DebugRepresentable.swift */ = {isa = PBXFileReference; lastKnownFileType = sourcecode.swift; path = DebugRepresentable.swift; sourceTree = "<group>"; };
		8B0B9D1421B3F59300CF59F7 /* Identifiable.swift */ = {isa = PBXFileReference; lastKnownFileType = sourcecode.swift; path = Identifiable.swift; sourceTree = "<group>"; };
		8B0B9D1621B3F66900CF59F7 /* KeyboardLayoutGuide.swift */ = {isa = PBXFileReference; lastKnownFileType = sourcecode.swift; path = KeyboardLayoutGuide.swift; sourceTree = "<group>"; };
		8B0B9D1821B3F6C100CF59F7 /* MapInPlace.swift */ = {isa = PBXFileReference; lastKnownFileType = sourcecode.swift; path = MapInPlace.swift; sourceTree = "<group>"; };
		8B0B9D1C21B3FB9400CF59F7 /* TrackableTextField.swift */ = {isa = PBXFileReference; lastKnownFileType = sourcecode.swift; path = TrackableTextField.swift; sourceTree = "<group>"; };
		8B0B9D1E21B426AF00CF59F7 /* PassthroughView.swift */ = {isa = PBXFileReference; lastKnownFileType = sourcecode.swift; path = PassthroughView.swift; sourceTree = "<group>"; };
		8B0B9D2021B426F000CF59F7 /* SelfSizingTableView.swift */ = {isa = PBXFileReference; lastKnownFileType = sourcecode.swift; path = SelfSizingTableView.swift; sourceTree = "<group>"; };
		8B0B9D2221B4272500CF59F7 /* SpecificationGenericFilter.swift */ = {isa = PBXFileReference; lastKnownFileType = sourcecode.swift; path = SpecificationGenericFilter.swift; sourceTree = "<group>"; };
		8B0B9D2421B4280D00CF59F7 /* UserSettings.swift */ = {isa = PBXFileReference; lastKnownFileType = sourcecode.swift; path = UserSettings.swift; sourceTree = "<group>"; };
		8B0B9D2621B432D800CF59F7 /* PowerLayout.swift */ = {isa = PBXFileReference; lastKnownFileType = sourcecode.swift; path = PowerLayout.swift; sourceTree = "<group>"; };
		8B0B9D2821B4397C00CF59F7 /* NextTextFieldHandler.swift */ = {isa = PBXFileReference; lastKnownFileType = sourcecode.swift; path = NextTextFieldHandler.swift; sourceTree = "<group>"; };
		8B0B9D2C21B43E9A00CF59F7 /* KeyboardHandler.swift */ = {isa = PBXFileReference; lastKnownFileType = sourcecode.swift; path = KeyboardHandler.swift; sourceTree = "<group>"; };
		8B0B9D2E21B43FE600CF59F7 /* RepeatingTimer.swift */ = {isa = PBXFileReference; lastKnownFileType = sourcecode.swift; path = RepeatingTimer.swift; sourceTree = "<group>"; };
		8B11DA3821B4528B00C0CFE2 /* DoubleEqual.swift */ = {isa = PBXFileReference; lastKnownFileType = sourcecode.swift; path = DoubleEqual.swift; sourceTree = "<group>"; };
		8B58D7A222CD707C00E5862E /* ReusableCell.swift */ = {isa = PBXFileReference; lastKnownFileType = sourcecode.swift; path = ReusableCell.swift; sourceTree = "<group>"; };
		8B58D7A422CD722D00E5862E /* GenericTableViewCell.swift */ = {isa = PBXFileReference; lastKnownFileType = sourcecode.swift; path = GenericTableViewCell.swift; sourceTree = "<group>"; };
		8B60F89C222AE112002EA6E5 /* Task.swift */ = {isa = PBXFileReference; lastKnownFileType = sourcecode.swift; path = Task.swift; sourceTree = "<group>"; };
		8B70B3F222DC3FBF009B7577 /* DependencyContainer.swift */ = {isa = PBXFileReference; lastKnownFileType = sourcecode.swift; path = DependencyContainer.swift; sourceTree = "<group>"; };
		8B7A844E228859C400B52BFF /* Result.swift */ = {isa = PBXFileReference; lastKnownFileType = sourcecode.swift; path = Result.swift; sourceTree = "<group>"; };
		8B7A8452228888B000B52BFF /* SmoothCornerView.swift */ = {isa = PBXFileReference; lastKnownFileType = sourcecode.swift; path = SmoothCornerView.swift; sourceTree = "<group>"; };
		8B7FC42A21BBA37B00914C98 /* InstantiateFromNIB.swift */ = {isa = PBXFileReference; lastKnownFileType = sourcecode.swift; path = InstantiateFromNIB.swift; sourceTree = "<group>"; };
		8B7FC42C21BC741F00914C98 /* SharedDateFormatter.swift */ = {isa = PBXFileReference; lastKnownFileType = sourcecode.swift; path = SharedDateFormatter.swift; sourceTree = "<group>"; };
		8B8032202263517000E2F6E2 /* ObjectConfigurable.swift */ = {isa = PBXFileReference; lastKnownFileType = sourcecode.swift; path = ObjectConfigurable.swift; sourceTree = "<group>"; };
		8B93001622CDCFC7001DFA3D /* BackgroundThread.swift */ = {isa = PBXFileReference; lastKnownFileType = sourcecode.swift; path = BackgroundThread.swift; sourceTree = "<group>"; };
		8B93001A22CDD080001DFA3D /* XMLStringFormatter.swift */ = {isa = PBXFileReference; lastKnownFileType = sourcecode.swift; path = XMLStringFormatter.swift; sourceTree = "<group>"; };
		8B93001E22CDDED7001DFA3D /* FormattedPriceString.swift */ = {isa = PBXFileReference; lastKnownFileType = sourcecode.swift; path = FormattedPriceString.swift; sourceTree = "<group>"; };
		8B93002022CDDF5D001DFA3D /* SizePlaceholder.swift */ = {isa = PBXFileReference; lastKnownFileType = sourcecode.swift; path = SizePlaceholder.swift; sourceTree = "<group>"; };
		8BA4EAAF21CC100400412676 /* Atomic.swift */ = {isa = PBXFileReference; lastKnownFileType = sourcecode.swift; path = Atomic.swift; sourceTree = "<group>"; };
		8BAC79EA21E2BF4500669C36 /* Obfuscator.swift */ = {isa = PBXFileReference; lastKnownFileType = sourcecode.swift; path = Obfuscator.swift; sourceTree = "<group>"; };
		8BAC79EC21E2BFEF00669C36 /* ErrorHandling.swift */ = {isa = PBXFileReference; lastKnownFileType = sourcecode.swift; path = ErrorHandling.swift; sourceTree = "<group>"; };
		8BAE7A6421B54F1500723CDC /* ScaleTransition.swift */ = {isa = PBXFileReference; lastKnownFileType = sourcecode.swift; path = ScaleTransition.swift; sourceTree = "<group>"; };
		8BAE7A6621B5A55500723CDC /* CircularTransition.swift */ = {isa = PBXFileReference; lastKnownFileType = sourcecode.swift; path = CircularTransition.swift; sourceTree = "<group>"; };
		8BB8B78D223EA3F900300CD9 /* DynamicHeightCollectionView.swift */ = {isa = PBXFileReference; lastKnownFileType = sourcecode.swift; path = DynamicHeightCollectionView.swift; sourceTree = "<group>"; };
		8BB8E422227F44C8006E1C7A /* StringLocalizationTest.swift */ = {isa = PBXFileReference; lastKnownFileType = sourcecode.swift; path = StringLocalizationTest.swift; sourceTree = "<group>"; };
		8BD8F0EB226C74B200F88787 /* URLSessionResult.swift */ = {isa = PBXFileReference; lastKnownFileType = sourcecode.swift; path = URLSessionResult.swift; sourceTree = "<group>"; };
		8BD8F0ED226C7F2000F88787 /* ImageWithColor.swift */ = {isa = PBXFileReference; lastKnownFileType = sourcecode.swift; path = ImageWithColor.swift; sourceTree = "<group>"; };
		8BDAEFE922D3E08C00847B72 /* TableViewReloadCompletion.swift */ = {isa = PBXFileReference; lastKnownFileType = sourcecode.swift; path = TableViewReloadCompletion.swift; sourceTree = "<group>"; };
		8BF5636C2376A6DD00840933 /* AnimatedLabel.swift */ = {isa = PBXFileReference; lastKnownFileType = sourcecode.swift; path = AnimatedLabel.swift; sourceTree = "<group>"; };
/* End PBXFileReference section */

/* Begin PBXFrameworksBuildPhase section */
		8B0B9CB821B3308800CF59F7 /* Frameworks */ = {
			isa = PBXFrameworksBuildPhase;
			buildActionMask = 2147483647;
			files = (
			);
			runOnlyForDeploymentPostprocessing = 0;
		};
		8B0B9CCC21B3308C00CF59F7 /* Frameworks */ = {
			isa = PBXFrameworksBuildPhase;
			buildActionMask = 2147483647;
			files = (
			);
			runOnlyForDeploymentPostprocessing = 0;
		};
/* End PBXFrameworksBuildPhase section */

/* Begin PBXGroup section */
		8B0B9CB221B3308800CF59F7 = {
			isa = PBXGroup;
			children = (
				8B0B9CBD21B3308800CF59F7 /* swift-vault */,
				8B0B9CD221B3308C00CF59F7 /* swift-vaultTests */,
				8B0B9CBC21B3308800CF59F7 /* Products */,
			);
			sourceTree = "<group>";
		};
		8B0B9CBC21B3308800CF59F7 /* Products */ = {
			isa = PBXGroup;
			children = (
				8B0B9CBB21B3308800CF59F7 /* swift-vault.app */,
				8B0B9CCF21B3308C00CF59F7 /* swift-vaultTests.xctest */,
			);
			name = Products;
			sourceTree = "<group>";
		};
		8B0B9CBD21B3308800CF59F7 /* swift-vault */ = {
			isa = PBXGroup;
			children = (
				8B0B9CDF21B331D800CF59F7 /* Concepts */,
				8B0B9CBE21B3308800CF59F7 /* AppDelegate.swift */,
				8B0B9CC021B3308800CF59F7 /* ViewController.swift */,
				8B0B9CC221B3308800CF59F7 /* Main.storyboard */,
				8B0B9CC521B3308B00CF59F7 /* Assets.xcassets */,
				8B0B9CC721B3308B00CF59F7 /* LaunchScreen.storyboard */,
				8B0B9CCA21B3308B00CF59F7 /* Info.plist */,
			);
			path = "swift-vault";
			sourceTree = "<group>";
		};
		8B0B9CD221B3308C00CF59F7 /* swift-vaultTests */ = {
			isa = PBXGroup;
			children = (
				8B0B9CD321B3308C00CF59F7 /* swift_vaultTests.swift */,
				8B0B9CD521B3308C00CF59F7 /* Info.plist */,
			);
			path = "swift-vaultTests";
			sourceTree = "<group>";
		};
		8B0B9CDF21B331D800CF59F7 /* Concepts */ = {
			isa = PBXGroup;
			children = (
				8B0B9D0E21B3F32B00CF59F7 /* AlertRepresentable.swift */,
				8BF5636C2376A6DD00840933 /* AnimatedLabel.swift */,
				8B0B9D0C21B3EBE100CF59F7 /* ApplicationInfo.swift */,
				8B0B9CE021B331F800CF59F7 /* ArraysCommonElements.swift */,
				8BA4EAAF21CC100400412676 /* Atomic.swift */,
				8B93001622CDCFC7001DFA3D /* BackgroundThread.swift */,
				8B0B9CF621B33F9900CF59F7 /* ChangeImageColor.swift */,
				8BAE7A6621B5A55500723CDC /* CircularTransition.swift */,
				8B0B9CF421B33EA800CF59F7 /* CollectionSafeIndex.swift */,
				8B0B9CFA21B340A500CF59F7 /* Color.swift */,
				8B0B9CE821B3388F00CF59F7 /* CurrentThreadName.swift */,
				8B0B9CF021B33D0600CF59F7 /* CurrentViewController.swift */,
				8B0B9D0221B3DB2100CF59F7 /* DateHelpers.swift */,
				8B0B9D1221B3F3A000CF59F7 /* DebugRepresentable.swift */,
				8B70B3F222DC3FBF009B7577 /* DependencyContainer.swift */,
				8B11DA3821B4528B00C0CFE2 /* DoubleEqual.swift */,
				8BB8B78D223EA3F900300CD9 /* DynamicHeightCollectionView.swift */,
				8BAC79EC21E2BFEF00669C36 /* ErrorHandling.swift */,
				8B93001E22CDDED7001DFA3D /* FormattedPriceString.swift */,
				8B58D7A422CD722D00E5862E /* GenericTableViewCell.swift */,
				8B0B9CF221B33E4800CF59F7 /* GroupedReduceSequence.swift */,
				8B0B9D1421B3F59300CF59F7 /* Identifiable.swift */,
				8BD8F0ED226C7F2000F88787 /* ImageWithColor.swift */,
				8B7FC42A21BBA37B00914C98 /* InstantiateFromNIB.swift */,
				8B0B9CE421B3376C00CF59F7 /* isBlankString.swift */,
				8B0B9D2C21B43E9A00CF59F7 /* KeyboardHandler.swift */,
				8B0B9D1621B3F66900CF59F7 /* KeyboardLayoutGuide.swift */,
				8B0B9D1821B3F6C100CF59F7 /* MapInPlace.swift */,
				8B0B9CE621B3385500CF59F7 /* MatchingOptional.swift */,
				30306C3A2260A90D00D24CDB /* NavigationControllerCompletion.swift */,
				8B0B9D2821B4397C00CF59F7 /* NextTextFieldHandler.swift */,
				8B0B9CE221B3360C00CF59F7 /* Notification.swift */,
				8BAC79EA21E2BF4500669C36 /* Obfuscator.swift */,
				8B8032202263517000E2F6E2 /* ObjectConfigurable.swift */,
				8B0B9D1E21B426AF00CF59F7 /* PassthroughView.swift */,
				8B0B9D2621B432D800CF59F7 /* PowerLayout.swift */,
				8B0B9D2E21B43FE600CF59F7 /* RepeatingTimer.swift */,
				8B7A844E228859C400B52BFF /* Result.swift */,
				8B58D7A222CD707C00E5862E /* ReusableCell.swift */,
				8B0B9CF821B33FE500CF59F7 /* RotateImage.swift */,
				30306C322260A3A500D24CDB /* ScaledFontSize.swift */,
				8BAE7A6421B54F1500723CDC /* ScaleTransition.swift */,
				8B0B9D2021B426F000CF59F7 /* SelfSizingTableView.swift */,
				8B0B9D2421B4280D00CF59F7 /* UserSettings.swift */,
				8B7FC42C21BC741F00914C98 /* SharedDateFormatter.swift */,
				8B93002022CDDF5D001DFA3D /* SizePlaceholder.swift */,
				8B7A8452228888B000B52BFF /* SmoothCornerView.swift */,
				8B0B9D2221B4272500CF59F7 /* SpecificationGenericFilter.swift */,
				8B0B9D0021B3DA3900CF59F7 /* StringHelpers.swift */,
				8B0B9CFE21B343D400CF59F7 /* StringLocalization.swift */,
				8BB8E422227F44C8006E1C7A /* StringLocalizationTest.swift */,
				8B0B9CFC21B3438400CF59F7 /* StringRange.swift */,
				8BDAEFE922D3E08C00847B72 /* TableViewReloadCompletion.swift */,
				8B60F89C222AE112002EA6E5 /* Task.swift */,
				8B0B9D1C21B3FB9400CF59F7 /* TrackableTextField.swift */,
				8BD8F0EB226C74B200F88787 /* URLSessionResult.swift */,
				8B0B9D0821B3E6ED00CF59F7 /* ViewAnimation.swift */,
				8B0B9D0421B3E29900CF59F7 /* ViewControllerHelpers.swift */,
				8B0B9D0621B3E64500CF59F7 /* ViewGradient.swift */,
				8B0B9D0A21B3E73A00CF59F7 /* ViewHelpers.swift */,
				8B93001A22CDD080001DFA3D /* XMLStringFormatter.swift */,
				30C9B71B23CA3C440068A5DE /* Data+prettyPrintedJSONString.swift */,
				30023BC623D3AC5B00A2B06A /* EmptyNilDefault.swift */,
				30BAD0DC24636DAF00EED764 /* AtomicWrite.swift */,
				305004BB247D37EB00B1BB72 /* Clamping.swift */,
			);
			path = Concepts;
			sourceTree = "<group>";
		};
/* End PBXGroup section */

/* Begin PBXNativeTarget section */
		8B0B9CBA21B3308800CF59F7 /* swift-vault */ = {
			isa = PBXNativeTarget;
			buildConfigurationList = 8B0B9CD821B3308C00CF59F7 /* Build configuration list for PBXNativeTarget "swift-vault" */;
			buildPhases = (
				8B0B9CB721B3308800CF59F7 /* Sources */,
				8B0B9CB821B3308800CF59F7 /* Frameworks */,
				8B0B9CB921B3308800CF59F7 /* Resources */,
			);
			buildRules = (
			);
			dependencies = (
			);
			name = "swift-vault";
			productName = "swift-vault";
			productReference = 8B0B9CBB21B3308800CF59F7 /* swift-vault.app */;
			productType = "com.apple.product-type.application";
		};
		8B0B9CCE21B3308C00CF59F7 /* swift-vaultTests */ = {
			isa = PBXNativeTarget;
			buildConfigurationList = 8B0B9CDB21B3308C00CF59F7 /* Build configuration list for PBXNativeTarget "swift-vaultTests" */;
			buildPhases = (
				8B0B9CCB21B3308C00CF59F7 /* Sources */,
				8B0B9CCC21B3308C00CF59F7 /* Frameworks */,
				8B0B9CCD21B3308C00CF59F7 /* Resources */,
			);
			buildRules = (
			);
			dependencies = (
				8B0B9CD121B3308C00CF59F7 /* PBXTargetDependency */,
			);
			name = "swift-vaultTests";
			productName = "swift-vaultTests";
			productReference = 8B0B9CCF21B3308C00CF59F7 /* swift-vaultTests.xctest */;
			productType = "com.apple.product-type.bundle.unit-test";
		};
/* End PBXNativeTarget section */

/* Begin PBXProject section */
		8B0B9CB321B3308800CF59F7 /* Project object */ = {
			isa = PBXProject;
			attributes = {
				LastSwiftUpdateCheck = 1000;
				LastUpgradeCheck = 1000;
				ORGANIZATIONNAME = "m3rk edge";
				TargetAttributes = {
					8B0B9CBA21B3308800CF59F7 = {
						CreatedOnToolsVersion = 10.0;
					};
					8B0B9CCE21B3308C00CF59F7 = {
						CreatedOnToolsVersion = 10.0;
						TestTargetID = 8B0B9CBA21B3308800CF59F7;
					};
				};
			};
			buildConfigurationList = 8B0B9CB621B3308800CF59F7 /* Build configuration list for PBXProject "swift-vault" */;
			compatibilityVersion = "Xcode 9.3";
			developmentRegion = en;
			hasScannedForEncodings = 0;
			knownRegions = (
				en,
				Base,
			);
			mainGroup = 8B0B9CB221B3308800CF59F7;
			productRefGroup = 8B0B9CBC21B3308800CF59F7 /* Products */;
			projectDirPath = "";
			projectRoot = "";
			targets = (
				8B0B9CBA21B3308800CF59F7 /* swift-vault */,
				8B0B9CCE21B3308C00CF59F7 /* swift-vaultTests */,
			);
		};
/* End PBXProject section */

/* Begin PBXResourcesBuildPhase section */
		8B0B9CB921B3308800CF59F7 /* Resources */ = {
			isa = PBXResourcesBuildPhase;
			buildActionMask = 2147483647;
			files = (
				8B0B9CC921B3308B00CF59F7 /* LaunchScreen.storyboard in Resources */,
				8B0B9CC621B3308B00CF59F7 /* Assets.xcassets in Resources */,
				8B0B9CC421B3308800CF59F7 /* Main.storyboard in Resources */,
			);
			runOnlyForDeploymentPostprocessing = 0;
		};
		8B0B9CCD21B3308C00CF59F7 /* Resources */ = {
			isa = PBXResourcesBuildPhase;
			buildActionMask = 2147483647;
			files = (
			);
			runOnlyForDeploymentPostprocessing = 0;
		};
/* End PBXResourcesBuildPhase section */

/* Begin PBXSourcesBuildPhase section */
		8B0B9CB721B3308800CF59F7 /* Sources */ = {
			isa = PBXSourcesBuildPhase;
			buildActionMask = 2147483647;
			files = (
				8B0B9CFD21B3438400CF59F7 /* StringRange.swift in Sources */,
				8BB8B78E223EA3F900300CD9 /* DynamicHeightCollectionView.swift in Sources */,
				8BAE7A6521B54F1500723CDC /* ScaleTransition.swift in Sources */,
				30023BC723D3AC5B00A2B06A /* EmptyNilDefault.swift in Sources */,
				8B0B9D2121B426F000CF59F7 /* SelfSizingTableView.swift in Sources */,
				8B0B9CE321B3360C00CF59F7 /* Notification.swift in Sources */,
				8BA4EAB021CC100400412676 /* Atomic.swift in Sources */,
				8B7A844F228859C400B52BFF /* Result.swift in Sources */,
				8B0B9CFF21B343D400CF59F7 /* StringLocalization.swift in Sources */,
				8B0B9CC121B3308800CF59F7 /* ViewController.swift in Sources */,
				8B0B9D1F21B426AF00CF59F7 /* PassthroughView.swift in Sources */,
				305004BC247D37EB00B1BB72 /* Clamping.swift in Sources */,
				8B0B9D0521B3E29900CF59F7 /* ViewControllerHelpers.swift in Sources */,
				30BAD0DD24636DAF00EED764 /* AtomicWrite.swift in Sources */,
				8B58D7A322CD707C00E5862E /* ReusableCell.swift in Sources */,
				8B7FC42B21BBA37B00914C98 /* InstantiateFromNIB.swift in Sources */,
				8B58D7A522CD722D00E5862E /* GenericTableViewCell.swift in Sources */,
				8B0B9D1D21B3FB9400CF59F7 /* TrackableTextField.swift in Sources */,
				8B0B9D2721B432D800CF59F7 /* PowerLayout.swift in Sources */,
				8B0B9D1721B3F66900CF59F7 /* KeyboardLayoutGuide.swift in Sources */,
				8B93001F22CDDED7001DFA3D /* FormattedPriceString.swift in Sources */,
				8B93001B22CDD080001DFA3D /* XMLStringFormatter.swift in Sources */,
				8B0B9D0F21B3F32B00CF59F7 /* AlertRepresentable.swift in Sources */,
				8B7A8453228888B000B52BFF /* SmoothCornerView.swift in Sources */,
				8BF5636D2376A6DD00840933 /* AnimatedLabel.swift in Sources */,
				8B93001722CDCFC7001DFA3D /* BackgroundThread.swift in Sources */,
				8BDAEFEA22D3E08C00847B72 /* TableViewReloadCompletion.swift in Sources */,
				8B0B9CE521B3376C00CF59F7 /* isBlankString.swift in Sources */,
				8BAE7A6721B5A55500723CDC /* CircularTransition.swift in Sources */,
				8B0B9D0921B3E6ED00CF59F7 /* ViewAnimation.swift in Sources */,
				8B0B9D0D21B3EBE100CF59F7 /* ApplicationInfo.swift in Sources */,
				8B8032212263517000E2F6E2 /* ObjectConfigurable.swift in Sources */,
				8B0B9CF921B33FE500CF59F7 /* RotateImage.swift in Sources */,
				8B0B9D0B21B3E73A00CF59F7 /* ViewHelpers.swift in Sources */,
				8BD8F0EE226C7F2000F88787 /* ImageWithColor.swift in Sources */,
				8B0B9CF121B33D0600CF59F7 /* CurrentViewController.swift in Sources */,
				8B70B3F322DC3FBF009B7577 /* DependencyContainer.swift in Sources */,
				8B11DA3921B4528B00C0CFE2 /* DoubleEqual.swift in Sources */,
				8B0B9CBF21B3308800CF59F7 /* AppDelegate.swift in Sources */,
				8B0B9D2521B4280D00CF59F7 /* UserSettings.swift in Sources */,
				8B0B9CFB21B340A500CF59F7 /* Color.swift in Sources */,
				8BAC79ED21E2BFEF00669C36 /* ErrorHandling.swift in Sources */,
				8B0B9CE721B3385500CF59F7 /* MatchingOptional.swift in Sources */,
				8B0B9CE921B3388F00CF59F7 /* CurrentThreadName.swift in Sources */,
				8B0B9CE121B331F800CF59F7 /* ArraysCommonElements.swift in Sources */,
				8B0B9D1921B3F6C100CF59F7 /* MapInPlace.swift in Sources */,
				8B0B9CF321B33E4800CF59F7 /* GroupedReduceSequence.swift in Sources */,
				8B0B9D1321B3F3A000CF59F7 /* DebugRepresentable.swift in Sources */,
				8B60F89D222AE112002EA6E5 /* Task.swift in Sources */,
				8B0B9D2D21B43E9A00CF59F7 /* KeyboardHandler.swift in Sources */,
				8BAC79EB21E2BF4500669C36 /* Obfuscator.swift in Sources */,
				8B0B9D0121B3DA3900CF59F7 /* StringHelpers.swift in Sources */,
				8B0B9D0321B3DB2100CF59F7 /* DateHelpers.swift in Sources */,
				8BB8E423227F44C9006E1C7A /* StringLocalizationTest.swift in Sources */,
				8B7FC42D21BC741F00914C98 /* SharedDateFormatter.swift in Sources */,
				30C9B71C23CA3C440068A5DE /* Data+prettyPrintedJSONString.swift in Sources */,
				30306C3B2260A90D00D24CDB /* NavigationControllerCompletion.swift in Sources */,
				8B0B9D2321B4272500CF59F7 /* SpecificationGenericFilter.swift in Sources */,
				8B0B9D0721B3E64500CF59F7 /* ViewGradient.swift in Sources */,
				8B0B9D1521B3F59300CF59F7 /* Identifiable.swift in Sources */,
				8B0B9D2921B4397C00CF59F7 /* NextTextFieldHandler.swift in Sources */,
				8B0B9CF721B33F9900CF59F7 /* ChangeImageColor.swift in Sources */,
				8BD8F0EC226C74B200F88787 /* URLSessionResult.swift in Sources */,
				30306C332260A3A500D24CDB /* ScaledFontSize.swift in Sources */,
				8B93002122CDDF5D001DFA3D /* SizePlaceholder.swift in Sources */,
				8B0B9CF521B33EA800CF59F7 /* CollectionSafeIndex.swift in Sources */,
				8B0B9D2F21B43FE600CF59F7 /* RepeatingTimer.swift in Sources */,
			);
			runOnlyForDeploymentPostprocessing = 0;
		};
		8B0B9CCB21B3308C00CF59F7 /* Sources */ = {
			isa = PBXSourcesBuildPhase;
			buildActionMask = 2147483647;
			files = (
				8B0B9CD421B3308C00CF59F7 /* swift_vaultTests.swift in Sources */,
			);
			runOnlyForDeploymentPostprocessing = 0;
		};
/* End PBXSourcesBuildPhase section */

/* Begin PBXTargetDependency section */
		8B0B9CD121B3308C00CF59F7 /* PBXTargetDependency */ = {
			isa = PBXTargetDependency;
			target = 8B0B9CBA21B3308800CF59F7 /* swift-vault */;
			targetProxy = 8B0B9CD021B3308C00CF59F7 /* PBXContainerItemProxy */;
		};
/* End PBXTargetDependency section */

/* Begin PBXVariantGroup section */
		8B0B9CC221B3308800CF59F7 /* Main.storyboard */ = {
			isa = PBXVariantGroup;
			children = (
				8B0B9CC321B3308800CF59F7 /* Base */,
			);
			name = Main.storyboard;
			sourceTree = "<group>";
		};
		8B0B9CC721B3308B00CF59F7 /* LaunchScreen.storyboard */ = {
			isa = PBXVariantGroup;
			children = (
				8B0B9CC821B3308B00CF59F7 /* Base */,
			);
			name = LaunchScreen.storyboard;
			sourceTree = "<group>";
		};
/* End PBXVariantGroup section */

/* Begin XCBuildConfiguration section */
		8B0B9CD621B3308C00CF59F7 /* Debug */ = {
			isa = XCBuildConfiguration;
			buildSettings = {
				ALWAYS_SEARCH_USER_PATHS = NO;
				CLANG_ANALYZER_NONNULL = YES;
				CLANG_ANALYZER_NUMBER_OBJECT_CONVERSION = YES_AGGRESSIVE;
				CLANG_CXX_LANGUAGE_STANDARD = "gnu++14";
				CLANG_CXX_LIBRARY = "libc++";
				CLANG_ENABLE_MODULES = YES;
				CLANG_ENABLE_OBJC_ARC = YES;
				CLANG_ENABLE_OBJC_WEAK = YES;
				CLANG_WARN_BLOCK_CAPTURE_AUTORELEASING = YES;
				CLANG_WARN_BOOL_CONVERSION = YES;
				CLANG_WARN_COMMA = YES;
				CLANG_WARN_CONSTANT_CONVERSION = YES;
				CLANG_WARN_DEPRECATED_OBJC_IMPLEMENTATIONS = YES;
				CLANG_WARN_DIRECT_OBJC_ISA_USAGE = YES_ERROR;
				CLANG_WARN_DOCUMENTATION_COMMENTS = YES;
				CLANG_WARN_EMPTY_BODY = YES;
				CLANG_WARN_ENUM_CONVERSION = YES;
				CLANG_WARN_INFINITE_RECURSION = YES;
				CLANG_WARN_INT_CONVERSION = YES;
				CLANG_WARN_NON_LITERAL_NULL_CONVERSION = YES;
				CLANG_WARN_OBJC_IMPLICIT_RETAIN_SELF = YES;
				CLANG_WARN_OBJC_LITERAL_CONVERSION = YES;
				CLANG_WARN_OBJC_ROOT_CLASS = YES_ERROR;
				CLANG_WARN_RANGE_LOOP_ANALYSIS = YES;
				CLANG_WARN_STRICT_PROTOTYPES = YES;
				CLANG_WARN_SUSPICIOUS_MOVE = YES;
				CLANG_WARN_UNGUARDED_AVAILABILITY = YES_AGGRESSIVE;
				CLANG_WARN_UNREACHABLE_CODE = YES;
				CLANG_WARN__DUPLICATE_METHOD_MATCH = YES;
				CODE_SIGN_IDENTITY = "iPhone Developer";
				COPY_PHASE_STRIP = NO;
				DEBUG_INFORMATION_FORMAT = dwarf;
				ENABLE_STRICT_OBJC_MSGSEND = YES;
				ENABLE_TESTABILITY = YES;
				GCC_C_LANGUAGE_STANDARD = gnu11;
				GCC_DYNAMIC_NO_PIC = NO;
				GCC_NO_COMMON_BLOCKS = YES;
				GCC_OPTIMIZATION_LEVEL = 0;
				GCC_PREPROCESSOR_DEFINITIONS = (
					"DEBUG=1",
					"$(inherited)",
				);
				GCC_WARN_64_TO_32_BIT_CONVERSION = YES;
				GCC_WARN_ABOUT_RETURN_TYPE = YES_ERROR;
				GCC_WARN_UNDECLARED_SELECTOR = YES;
				GCC_WARN_UNINITIALIZED_AUTOS = YES_AGGRESSIVE;
				GCC_WARN_UNUSED_FUNCTION = YES;
				GCC_WARN_UNUSED_VARIABLE = YES;
				IPHONEOS_DEPLOYMENT_TARGET = 12.0;
				MTL_ENABLE_DEBUG_INFO = INCLUDE_SOURCE;
				MTL_FAST_MATH = YES;
				ONLY_ACTIVE_ARCH = YES;
				SDKROOT = iphoneos;
				SWIFT_ACTIVE_COMPILATION_CONDITIONS = DEBUG;
				SWIFT_OPTIMIZATION_LEVEL = "-Onone";
			};
			name = Debug;
		};
		8B0B9CD721B3308C00CF59F7 /* Release */ = {
			isa = XCBuildConfiguration;
			buildSettings = {
				ALWAYS_SEARCH_USER_PATHS = NO;
				CLANG_ANALYZER_NONNULL = YES;
				CLANG_ANALYZER_NUMBER_OBJECT_CONVERSION = YES_AGGRESSIVE;
				CLANG_CXX_LANGUAGE_STANDARD = "gnu++14";
				CLANG_CXX_LIBRARY = "libc++";
				CLANG_ENABLE_MODULES = YES;
				CLANG_ENABLE_OBJC_ARC = YES;
				CLANG_ENABLE_OBJC_WEAK = YES;
				CLANG_WARN_BLOCK_CAPTURE_AUTORELEASING = YES;
				CLANG_WARN_BOOL_CONVERSION = YES;
				CLANG_WARN_COMMA = YES;
				CLANG_WARN_CONSTANT_CONVERSION = YES;
				CLANG_WARN_DEPRECATED_OBJC_IMPLEMENTATIONS = YES;
				CLANG_WARN_DIRECT_OBJC_ISA_USAGE = YES_ERROR;
				CLANG_WARN_DOCUMENTATION_COMMENTS = YES;
				CLANG_WARN_EMPTY_BODY = YES;
				CLANG_WARN_ENUM_CONVERSION = YES;
				CLANG_WARN_INFINITE_RECURSION = YES;
				CLANG_WARN_INT_CONVERSION = YES;
				CLANG_WARN_NON_LITERAL_NULL_CONVERSION = YES;
				CLANG_WARN_OBJC_IMPLICIT_RETAIN_SELF = YES;
				CLANG_WARN_OBJC_LITERAL_CONVERSION = YES;
				CLANG_WARN_OBJC_ROOT_CLASS = YES_ERROR;
				CLANG_WARN_RANGE_LOOP_ANALYSIS = YES;
				CLANG_WARN_STRICT_PROTOTYPES = YES;
				CLANG_WARN_SUSPICIOUS_MOVE = YES;
				CLANG_WARN_UNGUARDED_AVAILABILITY = YES_AGGRESSIVE;
				CLANG_WARN_UNREACHABLE_CODE = YES;
				CLANG_WARN__DUPLICATE_METHOD_MATCH = YES;
				CODE_SIGN_IDENTITY = "iPhone Developer";
				COPY_PHASE_STRIP = NO;
				DEBUG_INFORMATION_FORMAT = "dwarf-with-dsym";
				ENABLE_NS_ASSERTIONS = NO;
				ENABLE_STRICT_OBJC_MSGSEND = YES;
				GCC_C_LANGUAGE_STANDARD = gnu11;
				GCC_NO_COMMON_BLOCKS = YES;
				GCC_WARN_64_TO_32_BIT_CONVERSION = YES;
				GCC_WARN_ABOUT_RETURN_TYPE = YES_ERROR;
				GCC_WARN_UNDECLARED_SELECTOR = YES;
				GCC_WARN_UNINITIALIZED_AUTOS = YES_AGGRESSIVE;
				GCC_WARN_UNUSED_FUNCTION = YES;
				GCC_WARN_UNUSED_VARIABLE = YES;
				IPHONEOS_DEPLOYMENT_TARGET = 12.0;
				MTL_ENABLE_DEBUG_INFO = NO;
				MTL_FAST_MATH = YES;
				SDKROOT = iphoneos;
				SWIFT_COMPILATION_MODE = wholemodule;
				SWIFT_OPTIMIZATION_LEVEL = "-O";
				VALIDATE_PRODUCT = YES;
			};
			name = Release;
		};
		8B0B9CD921B3308C00CF59F7 /* Debug */ = {
			isa = XCBuildConfiguration;
			buildSettings = {
				ASSETCATALOG_COMPILER_APPICON_NAME = AppIcon;
				CODE_SIGN_STYLE = Automatic;
				DEVELOPMENT_TEAM = 6DLQ3N49V9;
				INFOPLIST_FILE = "swift-vault/Info.plist";
				LD_RUNPATH_SEARCH_PATHS = (
					"$(inherited)",
					"@executable_path/Frameworks",
				);
				PRODUCT_BUNDLE_IDENTIFIER = "m3rk.edge.swift-vault";
				PRODUCT_NAME = "$(TARGET_NAME)";
				SWIFT_VERSION = 4.2;
				TARGETED_DEVICE_FAMILY = "1,2";
			};
			name = Debug;
		};
		8B0B9CDA21B3308C00CF59F7 /* Release */ = {
			isa = XCBuildConfiguration;
			buildSettings = {
				ASSETCATALOG_COMPILER_APPICON_NAME = AppIcon;
				CODE_SIGN_STYLE = Automatic;
				DEVELOPMENT_TEAM = 6DLQ3N49V9;
				INFOPLIST_FILE = "swift-vault/Info.plist";
				LD_RUNPATH_SEARCH_PATHS = (
					"$(inherited)",
					"@executable_path/Frameworks",
				);
				PRODUCT_BUNDLE_IDENTIFIER = "m3rk.edge.swift-vault";
				PRODUCT_NAME = "$(TARGET_NAME)";
				SWIFT_ACTIVE_COMPILATION_CONDITIONS = RELEASE;
				SWIFT_VERSION = 4.2;
				TARGETED_DEVICE_FAMILY = "1,2";
			};
			name = Release;
		};
		8B0B9CDC21B3308C00CF59F7 /* Debug */ = {
			isa = XCBuildConfiguration;
			buildSettings = {
				ALWAYS_EMBED_SWIFT_STANDARD_LIBRARIES = YES;
				BUNDLE_LOADER = "$(TEST_HOST)";
				CODE_SIGN_STYLE = Automatic;
				DEVELOPMENT_TEAM = AW8VXETGH8;
				INFOPLIST_FILE = "swift-vaultTests/Info.plist";
				LD_RUNPATH_SEARCH_PATHS = (
					"$(inherited)",
					"@executable_path/Frameworks",
					"@loader_path/Frameworks",
				);
				PRODUCT_BUNDLE_IDENTIFIER = "m3rk.edge.swift-vaultTests";
				PRODUCT_NAME = "$(TARGET_NAME)";
				SWIFT_VERSION = 4.2;
				TARGETED_DEVICE_FAMILY = "1,2";
				TEST_HOST = "$(BUILT_PRODUCTS_DIR)/swift-vault.app/swift-vault";
			};
			name = Debug;
		};
		8B0B9CDD21B3308C00CF59F7 /* Release */ = {
			isa = XCBuildConfiguration;
			buildSettings = {
				ALWAYS_EMBED_SWIFT_STANDARD_LIBRARIES = YES;
				BUNDLE_LOADER = "$(TEST_HOST)";
				CODE_SIGN_STYLE = Automatic;
				DEVELOPMENT_TEAM = AW8VXETGH8;
				INFOPLIST_FILE = "swift-vaultTests/Info.plist";
				LD_RUNPATH_SEARCH_PATHS = (
					"$(inherited)",
					"@executable_path/Frameworks",
					"@loader_path/Frameworks",
				);
				PRODUCT_BUNDLE_IDENTIFIER = "m3rk.edge.swift-vaultTests";
				PRODUCT_NAME = "$(TARGET_NAME)";
				SWIFT_VERSION = 4.2;
				TARGETED_DEVICE_FAMILY = "1,2";
				TEST_HOST = "$(BUILT_PRODUCTS_DIR)/swift-vault.app/swift-vault";
			};
			name = Release;
		};
/* End XCBuildConfiguration section */

/* Begin XCConfigurationList section */
		8B0B9CB621B3308800CF59F7 /* Build configuration list for PBXProject "swift-vault" */ = {
			isa = XCConfigurationList;
			buildConfigurations = (
				8B0B9CD621B3308C00CF59F7 /* Debug */,
				8B0B9CD721B3308C00CF59F7 /* Release */,
			);
			defaultConfigurationIsVisible = 0;
			defaultConfigurationName = Release;
		};
		8B0B9CD821B3308C00CF59F7 /* Build configuration list for PBXNativeTarget "swift-vault" */ = {
			isa = XCConfigurationList;
			buildConfigurations = (
				8B0B9CD921B3308C00CF59F7 /* Debug */,
				8B0B9CDA21B3308C00CF59F7 /* Release */,
			);
			defaultConfigurationIsVisible = 0;
			defaultConfigurationName = Release;
		};
		8B0B9CDB21B3308C00CF59F7 /* Build configuration list for PBXNativeTarget "swift-vaultTests" */ = {
			isa = XCConfigurationList;
			buildConfigurations = (
				8B0B9CDC21B3308C00CF59F7 /* Debug */,
				8B0B9CDD21B3308C00CF59F7 /* Release */,
			);
			defaultConfigurationIsVisible = 0;
			defaultConfigurationName = Release;
		};
/* End XCConfigurationList section */
	};
	rootObject = 8B0B9CB321B3308800CF59F7 /* Project object */;
}
